
Microsoft Visual Studio Solution File, Format Version 12.00
# Visual Studio 14
VisualStudioVersion = 14.0.25420.1
MinimumVisualStudioVersion = 10.0.40219.1
Project("{FAE04EC0-301F-11D3-BF4B-00C04F79EFBC}") = "Demo", "Demo\Demo.csproj", "{12CD54C6-F30E-43C9-B280-144104B68470}"
EndProject
Project("{FAE04EC0-301F-11D3-BF4B-00C04F79EFBC}") = "MyTestAttr", "MyTestAttr\MyTestAttr.csproj", "{B780C094-A412-4BD9-89DD-37E923B251F2}"
EndProject
Project("{FAE04EC0-301F-11D3-BF4B-00C04F79EFBC}") = "MyCalculatorSum.Tests", "FirstAssembly.Test\MyCalculatorSum.Tests.csproj", "{A58FF7D0-C0C8-4EED-8FC6-3FB44DA61E0D}"
EndProject
Project("{FAE04EC0-301F-11D3-BF4B-00C04F79EFBC}") = "MycalculatorProduct.Tests", "SecondAssembly.Test\MycalculatorProduct.Tests.csproj", "{953AC494-5F51-4F3B-8C5D-A4DFBE233894}"
EndProject
Project("{FAE04EC0-301F-11D3-BF4B-00C04F79EFBC}") = "MyCalculator", "MyCalculator\MyCalculator.csproj", "{01D7436B-E133-44E5-AA3F-E303F85019BA}"
EndProject
Project("{FAE04EC0-301F-11D3-BF4B-00C04F79EFBC}") = "MyCalculatorDivision.Tests", "MyCalculatorDivision.Tests\MyCalculatorDivision.Tests.csproj", "{3A4559DA-C817-41EA-8ED7-898ADACC08EC}"
EndProject
Project("{FAE04EC0-301F-11D3-BF4B-00C04F79EFBC}") = "MyTests.Run", "MyTests\MyTests.Run.csproj", "{233A49A5-B46C-4FCD-A30E-E56B84A89981}"
EndProject
Project("{FAE04EC0-301F-11D3-BF4B-00C04F79EFBC}") = "02BlackBoxInteger", "..\..\..\..\..\SoftUni\C#_OOP_OLD\02.C# OOP Advanced\07.Reflection\06. CSharp-OOP-Advanced-Reflection-Exercises\06. CSharp-OOP-Advanced-Reflection-Exercises-Skeleton\02BlackBoxInteger\02BlackBoxInteger.csproj", "{56403F2F-210D-4F01-AC6C-A31B8CBB305B}"
EndProject
Project("{FAE04EC0-301F-11D3-BF4B-00C04F79EFBC}") = "01HarestingFields", "..\..\..\..\..\SoftUni\C#_OOP_OLD\02.C# OOP Advanced\07.Reflection\06. CSharp-OOP-Advanced-Reflection-Exercises\06. CSharp-OOP-Advanced-Reflection-Exercises-Skeleton\01HarestingFields\01HarestingFields.csproj", "{7F012308-C208-4E3D-97AA-1AB63A28AEE6}"
EndProject
Project("{FAE04EC0-301F-11D3-BF4B-00C04F79EFBC}") = "03BarracksFactory", "..\..\..\..\..\SoftUni\C#_OOP_OLD\02.C# OOP Advanced\07.Reflection\06. CSharp-OOP-Advanced-Reflection-Exercises\06. CSharp-OOP-Advanced-Reflection-Exercises-Skeleton\03BarracksFactory\03BarracksFactory.csproj", "{6B9565B7-DD7A-43D0-9F1F-F5DFB1EC09F3}"
EndProject
Global
	GlobalSection(SolutionConfigurationPlatforms) = preSolution
		Debug|Any CPU = Debug|Any CPU
		Release|Any CPU = Release|Any CPU
	EndGlobalSection
	GlobalSection(ProjectConfigurationPlatforms) = postSolution
		{12CD54C6-F30E-43C9-B280-144104B68470}.Debug|Any CPU.ActiveCfg = Debug|Any CPU
		{12CD54C6-F30E-43C9-B280-144104B68470}.Debug|Any CPU.Build.0 = Debug|Any CPU
		{12CD54C6-F30E-43C9-B280-144104B68470}.Release|Any CPU.ActiveCfg = Release|Any CPU
		{12CD54C6-F30E-43C9-B280-144104B68470}.Release|Any CPU.Build.0 = Release|Any CPU
		{B780C094-A412-4BD9-89DD-37E923B251F2}.Debug|Any CPU.ActiveCfg = Debug|Any CPU
		{B780C094-A412-4BD9-89DD-37E923B251F2}.Debug|Any CPU.Build.0 = Debug|Any CPU
		{B780C094-A412-4BD9-89DD-37E923B251F2}.Release|Any CPU.ActiveCfg = Release|Any CPU
		{B780C094-A412-4BD9-89DD-37E923B251F2}.Release|Any CPU.Build.0 = Release|Any CPU
		{A58FF7D0-C0C8-4EED-8FC6-3FB44DA61E0D}.Debug|Any CPU.ActiveCfg = Debug|Any CPU
		{A58FF7D0-C0C8-4EED-8FC6-3FB44DA61E0D}.Debug|Any CPU.Build.0 = Debug|Any CPU
		{A58FF7D0-C0C8-4EED-8FC6-3FB44DA61E0D}.Release|Any CPU.ActiveCfg = Release|Any CPU
		{A58FF7D0-C0C8-4EED-8FC6-3FB44DA61E0D}.Release|Any CPU.Build.0 = Release|Any CPU
		{953AC494-5F51-4F3B-8C5D-A4DFBE233894}.Debug|Any CPU.ActiveCfg = Debug|Any CPU
		{953AC494-5F51-4F3B-8C5D-A4DFBE233894}.Debug|Any CPU.Build.0 = Debug|Any CPU
		{953AC494-5F51-4F3B-8C5D-A4DFBE233894}.Release|Any CPU.ActiveCfg = Release|Any CPU
		{953AC494-5F51-4F3B-8C5D-A4DFBE233894}.Release|Any CPU.Build.0 = Release|Any CPU
		{01D7436B-E133-44E5-AA3F-E303F85019BA}.Debug|Any CPU.ActiveCfg = Debug|Any CPU
		{01D7436B-E133-44E5-AA3F-E303F85019BA}.Debug|Any CPU.Build.0 = Debug|Any CPU
		{01D7436B-E133-44E5-AA3F-E303F85019BA}.Release|Any CPU.ActiveCfg = Release|Any CPU
		{01D7436B-E133-44E5-AA3F-E303F85019BA}.Release|Any CPU.Build.0 = Release|Any CPU
		{3A4559DA-C817-41EA-8ED7-898ADACC08EC}.Debug|Any CPU.ActiveCfg = Debug|Any CPU
		{3A4559DA-C817-41EA-8ED7-898ADACC08EC}.Debug|Any CPU.Build.0 = Debug|Any CPU
		{3A4559DA-C817-41EA-8ED7-898ADACC08EC}.Release|Any CPU.ActiveCfg = Release|Any CPU
		{3A4559DA-C817-41EA-8ED7-898ADACC08EC}.Release|Any CPU.Build.0 = Release|Any CPU
		{233A49A5-B46C-4FCD-A30E-E56B84A89981}.Debug|Any CPU.ActiveCfg = Debug|Any CPU
		{233A49A5-B46C-4FCD-A30E-E56B84A89981}.Debug|Any CPU.Build.0 = Debug|Any CPU
		{233A49A5-B46C-4FCD-A30E-E56B84A89981}.Release|Any CPU.ActiveCfg = Release|Any CPU
		{233A49A5-B46C-4FCD-A30E-E56B84A89981}.Release|Any CPU.Build.0 = Release|Any CPU
		{56403F2F-210D-4F01-AC6C-A31B8CBB305B}.Debug|Any CPU.ActiveCfg = Debug|Any CPU
		{56403F2F-210D-4F01-AC6C-A31B8CBB305B}.Debug|Any CPU.Build.0 = Debug|Any CPU
		{56403F2F-210D-4F01-AC6C-A31B8CBB305B}.Release|Any CPU.ActiveCfg = Release|Any CPU
		{56403F2F-210D-4F01-AC6C-A31B8CBB305B}.Release|Any CPU.Build.0 = Release|Any CPU
		{7F012308-C208-4E3D-97AA-1AB63A28AEE6}.Debug|Any CPU.ActiveCfg = Debug|Any CPU
		{7F012308-C208-4E3D-97AA-1AB63A28AEE6}.Debug|Any CPU.Build.0 = Debug|Any CPU
		{7F012308-C208-4E3D-97AA-1AB63A28AEE6}.Release|Any CPU.ActiveCfg = Release|Any CPU
		{7F012308-C208-4E3D-97AA-1AB63A28AEE6}.Release|Any CPU.Build.0 = Release|Any CPU
		{6B9565B7-DD7A-43D0-9F1F-F5DFB1EC09F3}.Debug|Any CPU.ActiveCfg = Debug|Any CPU
		{6B9565B7-DD7A-43D0-9F1F-F5DFB1EC09F3}.Debug|Any CPU.Build.0 = Debug|Any CPU
		{6B9565B7-DD7A-43D0-9F1F-F5DFB1EC09F3}.Release|Any CPU.ActiveCfg = Release|Any CPU
		{6B9565B7-DD7A-43D0-9F1F-F5DFB1EC09F3}.Release|Any CPU.Build.0 = Release|Any CPU
	EndGlobalSection
	GlobalSection(SolutionProperties) = preSolution
		HideSolutionNode = FALSE
	EndGlobalSection
EndGlobal
